
Microsoft Visual Studio Solution File, Format Version 12.00
# Visual Studio Version 16
VisualStudioVersion = 16.0.30517.126
MinimumVisualStudioVersion = 10.0.40219.1
Project("{FAE04EC0-301F-11D3-BF4B-00C04F79EFBC}") = "Fraternize", "Fraternize\Fraternize.csproj", "{DE9F3A79-A810-4C3D-8C5D-CCB90363D228}"
EndProject
Global
	GlobalSection(SolutionConfigurationPlatforms) = preSolution
		Debug|Any CPU = Debug|Any CPU
		Release|Any CPU = Release|Any CPU
	EndGlobalSection
	GlobalSection(ProjectConfigurationPlatforms) = postSolution
		{DE9F3A79-A810-4C3D-8C5D-CCB90363D228}.Debug|Any CPU.ActiveCfg = Debug|Any CPU
		{DE9F3A79-A810-4C3D-8C5D-CCB90363D228}.Debug|Any CPU.Build.0 = Debug|Any CPU
		{DE9F3A79-A810-4C3D-8C5D-CCB90363D228}.Release|Any CPU.ActiveCfg = Release|Any CPU
		{DE9F3A79-A810-4C3D-8C5D-CCB90363D228}.Release|Any CPU.Build.0 = Release|Any CPU
	EndGlobalSection
	GlobalSection(SolutionProperties) = preSolution
		HideSolutionNode = FALSE
	EndGlobalSection
	GlobalSection(ExtensibilityGlobals) = postSolution
		SolutionGuid = {BAB46113-577D-41B4-880B-276ADCA714CC}
	EndGlobalSection
EndGlobal
